// !$*UTF8*$!
{
	archiveVersion = 1;
	classes = {
	};
	objectVersion = 77;
	objects = {

/* Begin PBXBuildFile section */
		94013FE42E0A7A99001503A1 /* UILabel+Extensions.swift in Sources */ = {isa = PBXBuildFile; fileRef = 94013FE32E0A7A83001503A1 /* UILabel+Extensions.swift */; };
		9403D8722E31F4B100727E83 /* Kingfisher in Frameworks */ = {isa = PBXBuildFile; productRef = 9403D8712E31F4B100727E83 /* Kingfisher */; };
		9403D8752E3212EC00727E83 /* SwiftKeychainWrapper in Frameworks */ = {isa = PBXBuildFile; productRef = 9403D8742E3212EC00727E83 /* SwiftKeychainWrapper */; };
		9403D8772E322F9400727E83 /* TabBarController.swift in Sources */ = {isa = PBXBuildFile; fileRef = 9403D8762E322F8B00727E83 /* TabBarController.swift */; };
		941A2F742E4F1BB5004F35A8 /* DisposableProtocol.swift in Sources */ = {isa = PBXBuildFile; fileRef = 941A2F732E4F1BA9004F35A8 /* DisposableProtocol.swift */; };
		941A2F762E4F1BE5004F35A8 /* ProfileLogoutProtocol+Extensions.swift in Sources */ = {isa = PBXBuildFile; fileRef = 941A2F752E4F1BD9004F35A8 /* ProfileLogoutProtocol+Extensions.swift */; };
		941A2F782E4F22CA004F35A8 /* ProfileLogoutProtocol.swift in Sources */ = {isa = PBXBuildFile; fileRef = 941A2F772E4F22B5004F35A8 /* ProfileLogoutProtocol.swift */; };
		942F62B62E4B1848008CE5E3 /* Array+Extensions.swift in Sources */ = {isa = PBXBuildFile; fileRef = 942F62B52E4B1840008CE5E3 /* Array+Extensions.swift */; };
		942F62B82E4B3B36008CE5E3 /* ImagesListCellDelegate.swift in Sources */ = {isa = PBXBuildFile; fileRef = 942F62B72E4B3B2C008CE5E3 /* ImagesListCellDelegate.swift */; };
		944021D22DF98E0C008955DE /* AppDelegate.swift in Sources */ = {isa = PBXBuildFile; fileRef = 944021C82DF98E0C008955DE /* AppDelegate.swift */; };
		944021D32DF98E0C008955DE /* SceneDelegate.swift in Sources */ = {isa = PBXBuildFile; fileRef = 944021CF2DF98E0C008955DE /* SceneDelegate.swift */; };
		944021D42DF98E0C008955DE /* ImagesListViewController.swift in Sources */ = {isa = PBXBuildFile; fileRef = 944021D02DF98E0C008955DE /* ImagesListViewController.swift */; };
		944021D52DF98E0C008955DE /* Assets.xcassets in Resources */ = {isa = PBXBuildFile; fileRef = 944021C92DF98E0C008955DE /* Assets.xcassets */; };
		944021D72DF98E0C008955DE /* LaunchScreen.storyboard in Resources */ = {isa = PBXBuildFile; fileRef = 944021CC2DF98E0C008955DE /* LaunchScreen.storyboard */; };
		944021D82DF98E0C008955DE /* Main.storyboard in Resources */ = {isa = PBXBuildFile; fileRef = 944021CE2DF98E0C008955DE /* Main.storyboard */; };
		9469C2EF2E28EE3B0097C84B /* ProgressHUD in Frameworks */ = {isa = PBXBuildFile; productRef = 9469C2EE2E28EE3B0097C84B /* ProgressHUD */; };
		9469C2F12E2912C30097C84B /* UIBlockingProgressHUD.swift in Sources */ = {isa = PBXBuildFile; fileRef = 9469C2F02E2912B40097C84B /* UIBlockingProgressHUD.swift */; };
		9469C2F32E2A11920097C84B /* ProfileService.swift in Sources */ = {isa = PBXBuildFile; fileRef = 9469C2F22E2A11850097C84B /* ProfileService.swift */; };
		9469C2F52E2A13560097C84B /* Profile.swift in Sources */ = {isa = PBXBuildFile; fileRef = 9469C2F42E2A13520097C84B /* Profile.swift */; };
		9469C2F92E2A2E020097C84B /* JSONDecoder+Extensions.swift in Sources */ = {isa = PBXBuildFile; fileRef = 9469C2F82E2A2DF20097C84B /* JSONDecoder+Extensions.swift */; };
		9469C2FB2E2E05960097C84B /* ProfileImageService.swift in Sources */ = {isa = PBXBuildFile; fileRef = 9469C2FA2E2E058D0097C84B /* ProfileImageService.swift */; };
		9469C2FD2E2E0FA50097C84B /* ProfileImage.swift in Sources */ = {isa = PBXBuildFile; fileRef = 9469C2FC2E2E0F9F0097C84B /* ProfileImage.swift */; };
		946FE6A02E165CF5005E0A50 /* Constant.swift in Sources */ = {isa = PBXBuildFile; fileRef = 946FE69F2E165CF1005E0A50 /* Constant.swift */; };
		947D8D432E17C13F0009A161 /* AuthViewController.swift in Sources */ = {isa = PBXBuildFile; fileRef = 947D8D422E17C1380009A161 /* AuthViewController.swift */; };
		947D8D452E17C2AF0009A161 /* WebViewViewController.swift in Sources */ = {isa = PBXBuildFile; fileRef = 947D8D442E17C29E0009A161 /* WebViewViewController.swift */; };
		947D8D472E17CB310009A161 /* WebViewViewController+Extensions.swift in Sources */ = {isa = PBXBuildFile; fileRef = 947D8D462E17CB2B0009A161 /* WebViewViewController+Extensions.swift */; };
		947D8D492E17CEBC0009A161 /* WebViewViewControllerDelegate.swift in Sources */ = {isa = PBXBuildFile; fileRef = 947D8D482E17CEAF0009A161 /* WebViewViewControllerDelegate.swift */; };
		947D8D4D2E17F75D0009A161 /* OAuth2Service.swift in Sources */ = {isa = PBXBuildFile; fileRef = 947D8D4C2E17F74E0009A161 /* OAuth2Service.swift */; };
		947D8D4F2E17FFBD0009A161 /* URLSession+Extensions.swift in Sources */ = {isa = PBXBuildFile; fileRef = 947D8D4E2E17FFB20009A161 /* URLSession+Extensions.swift */; };
		947D8D522E180AD50009A161 /* OAuthTokenResponseBody.swift in Sources */ = {isa = PBXBuildFile; fileRef = 947D8D512E180AC80009A161 /* OAuthTokenResponseBody.swift */; };
		947D8D542E1BC29A0009A161 /* OAuth2TokenStorage.swift in Sources */ = {isa = PBXBuildFile; fileRef = 947D8D532E1BC2810009A161 /* OAuth2TokenStorage.swift */; };
		947D8D562E1BE20C0009A161 /* AuthViewControllerDelegate.swift in Sources */ = {isa = PBXBuildFile; fileRef = 947D8D552E1BE2030009A161 /* AuthViewControllerDelegate.swift */; };
		947D8D5A2E1BE4540009A161 /* SplashViewController.swift in Sources */ = {isa = PBXBuildFile; fileRef = 947D8D592E1BE4490009A161 /* SplashViewController.swift */; };
		949D9E382DFCAB9700C3D9F5 /* ImagesListViewController+Extensions.swift in Sources */ = {isa = PBXBuildFile; fileRef = 949D9E372DFCAB8B00C3D9F5 /* ImagesListViewController+Extensions.swift */; };
		949D9E3A2DFCB34D00C3D9F5 /* ImagesListCell.swift in Sources */ = {isa = PBXBuildFile; fileRef = 949D9E392DFCB34000C3D9F5 /* ImagesListCell.swift */; };
		949D9E3D2DFD59E000C3D9F5 /* Date+Extensions.swift in Sources */ = {isa = PBXBuildFile; fileRef = 949D9E3C2DFD59D600C3D9F5 /* Date+Extensions.swift */; };
		949D9E3F2DFD93C300C3D9F5 /* UIViewController+Extensions.swift in Sources */ = {isa = PBXBuildFile; fileRef = 949D9E3E2DFD93B200C3D9F5 /* UIViewController+Extensions.swift */; };
		94A088622E447B1100EFFFE9 /* Photo.swift in Sources */ = {isa = PBXBuildFile; fileRef = 94A088612E447B0D00EFFFE9 /* Photo.swift */; };
		94A088662E447B9000EFFFE9 /* ImagesListService.swift in Sources */ = {isa = PBXBuildFile; fileRef = 94A088652E447B8900EFFFE9 /* ImagesListService.swift */; };
		94BAB8752E30CE8B000334B7 /* LogHelper.swift in Sources */ = {isa = PBXBuildFile; fileRef = 94BAB8742E30CE80000334B7 /* LogHelper.swift */; };
		94BD676A2E3BD2680088C906 /* WebKit.framework in Frameworks */ = {isa = PBXBuildFile; fileRef = 94BD67692E3BD2680088C906 /* WebKit.framework */; };
		94CA760D2E01580C0037986A /* ProfileViewController.swift in Sources */ = {isa = PBXBuildFile; fileRef = 94CA760C2E0157FE0037986A /* ProfileViewController.swift */; };
		94CA760F2E019AD40037986A /* SingleImageViewController.swift in Sources */ = {isa = PBXBuildFile; fileRef = 94CA760E2E019AC90037986A /* SingleImageViewController.swift */; };
		94F979F92E4CBAFA00F6E497 /* ProfileLogoutService.swift in Sources */ = {isa = PBXBuildFile; fileRef = 94F979F82E4CBAEE00F6E497 /* ProfileLogoutService.swift */; };
/* End PBXBuildFile section */

/* Begin PBXFileReference section */
		94013FE32E0A7A83001503A1 /* UILabel+Extensions.swift */ = {isa = PBXFileReference; lastKnownFileType = sourcecode.swift; path = "UILabel+Extensions.swift"; sourceTree = "<group>"; };
		9403D8762E322F8B00727E83 /* TabBarController.swift */ = {isa = PBXFileReference; lastKnownFileType = sourcecode.swift; path = TabBarController.swift; sourceTree = "<group>"; };
		941A2F732E4F1BA9004F35A8 /* DisposableProtocol.swift */ = {isa = PBXFileReference; lastKnownFileType = sourcecode.swift; path = DisposableProtocol.swift; sourceTree = "<group>"; };
		941A2F752E4F1BD9004F35A8 /* ProfileLogoutProtocol+Extensions.swift */ = {isa = PBXFileReference; lastKnownFileType = sourcecode.swift; path = "ProfileLogoutProtocol+Extensions.swift"; sourceTree = "<group>"; };
		941A2F772E4F22B5004F35A8 /* ProfileLogoutProtocol.swift */ = {isa = PBXFileReference; lastKnownFileType = sourcecode.swift; path = ProfileLogoutProtocol.swift; sourceTree = "<group>"; };
		942F62B52E4B1840008CE5E3 /* Array+Extensions.swift */ = {isa = PBXFileReference; lastKnownFileType = sourcecode.swift; path = "Array+Extensions.swift"; sourceTree = "<group>"; };
		942F62B72E4B3B2C008CE5E3 /* ImagesListCellDelegate.swift */ = {isa = PBXFileReference; lastKnownFileType = sourcecode.swift; path = ImagesListCellDelegate.swift; sourceTree = "<group>"; };
		944021B02DF98C36008955DE /* ImageFeed.app */ = {isa = PBXFileReference; explicitFileType = wrapper.application; includeInIndex = 0; path = ImageFeed.app; sourceTree = BUILT_PRODUCTS_DIR; };
		944021C82DF98E0C008955DE /* AppDelegate.swift */ = {isa = PBXFileReference; lastKnownFileType = sourcecode.swift; path = AppDelegate.swift; sourceTree = "<group>"; };
		944021C92DF98E0C008955DE /* Assets.xcassets */ = {isa = PBXFileReference; lastKnownFileType = folder.assetcatalog; path = Assets.xcassets; sourceTree = "<group>"; };
		944021CA2DF98E0C008955DE /* Info.plist */ = {isa = PBXFileReference; lastKnownFileType = text.plist.xml; path = Info.plist; sourceTree = "<group>"; };
		944021CB2DF98E0C008955DE /* Base */ = {isa = PBXFileReference; lastKnownFileType = file.storyboard; name = Base; path = Base.lproj/LaunchScreen.storyboard; sourceTree = "<group>"; };
		944021CD2DF98E0C008955DE /* Base */ = {isa = PBXFileReference; lastKnownFileType = file.storyboard; name = Base; path = Base.lproj/Main.storyboard; sourceTree = "<group>"; };
		944021CF2DF98E0C008955DE /* SceneDelegate.swift */ = {isa = PBXFileReference; lastKnownFileType = sourcecode.swift; path = SceneDelegate.swift; sourceTree = "<group>"; };
		944021D02DF98E0C008955DE /* ImagesListViewController.swift */ = {isa = PBXFileReference; lastKnownFileType = sourcecode.swift; path = ImagesListViewController.swift; sourceTree = "<group>"; };
		9469C2F02E2912B40097C84B /* UIBlockingProgressHUD.swift */ = {isa = PBXFileReference; lastKnownFileType = sourcecode.swift; path = UIBlockingProgressHUD.swift; sourceTree = "<group>"; };
		9469C2F22E2A11850097C84B /* ProfileService.swift */ = {isa = PBXFileReference; lastKnownFileType = sourcecode.swift; path = ProfileService.swift; sourceTree = "<group>"; };
		9469C2F42E2A13520097C84B /* Profile.swift */ = {isa = PBXFileReference; lastKnownFileType = sourcecode.swift; path = Profile.swift; sourceTree = "<group>"; };
		9469C2F82E2A2DF20097C84B /* JSONDecoder+Extensions.swift */ = {isa = PBXFileReference; lastKnownFileType = sourcecode.swift; path = "JSONDecoder+Extensions.swift"; sourceTree = "<group>"; };
		9469C2FA2E2E058D0097C84B /* ProfileImageService.swift */ = {isa = PBXFileReference; lastKnownFileType = sourcecode.swift; path = ProfileImageService.swift; sourceTree = "<group>"; };
		9469C2FC2E2E0F9F0097C84B /* ProfileImage.swift */ = {isa = PBXFileReference; lastKnownFileType = sourcecode.swift; path = ProfileImage.swift; sourceTree = "<group>"; };
		946FE69F2E165CF1005E0A50 /* Constant.swift */ = {isa = PBXFileReference; lastKnownFileType = sourcecode.swift; path = Constant.swift; sourceTree = "<group>"; };
		947D8D422E17C1380009A161 /* AuthViewController.swift */ = {isa = PBXFileReference; lastKnownFileType = sourcecode.swift; path = AuthViewController.swift; sourceTree = "<group>"; };
		947D8D442E17C29E0009A161 /* WebViewViewController.swift */ = {isa = PBXFileReference; lastKnownFileType = sourcecode.swift; path = WebViewViewController.swift; sourceTree = "<group>"; };
		947D8D462E17CB2B0009A161 /* WebViewViewController+Extensions.swift */ = {isa = PBXFileReference; lastKnownFileType = sourcecode.swift; path = "WebViewViewController+Extensions.swift"; sourceTree = "<group>"; };
		947D8D482E17CEAF0009A161 /* WebViewViewControllerDelegate.swift */ = {isa = PBXFileReference; lastKnownFileType = sourcecode.swift; path = WebViewViewControllerDelegate.swift; sourceTree = "<group>"; };
		947D8D4C2E17F74E0009A161 /* OAuth2Service.swift */ = {isa = PBXFileReference; lastKnownFileType = sourcecode.swift; path = OAuth2Service.swift; sourceTree = "<group>"; };
		947D8D4E2E17FFB20009A161 /* URLSession+Extensions.swift */ = {isa = PBXFileReference; lastKnownFileType = sourcecode.swift; path = "URLSession+Extensions.swift"; sourceTree = "<group>"; };
		947D8D512E180AC80009A161 /* OAuthTokenResponseBody.swift */ = {isa = PBXFileReference; lastKnownFileType = sourcecode.swift; path = OAuthTokenResponseBody.swift; sourceTree = "<group>"; };
		947D8D532E1BC2810009A161 /* OAuth2TokenStorage.swift */ = {isa = PBXFileReference; lastKnownFileType = sourcecode.swift; path = OAuth2TokenStorage.swift; sourceTree = "<group>"; };
		947D8D552E1BE2030009A161 /* AuthViewControllerDelegate.swift */ = {isa = PBXFileReference; lastKnownFileType = sourcecode.swift; path = AuthViewControllerDelegate.swift; sourceTree = "<group>"; };
		947D8D592E1BE4490009A161 /* SplashViewController.swift */ = {isa = PBXFileReference; lastKnownFileType = sourcecode.swift; path = SplashViewController.swift; sourceTree = "<group>"; };
		949D9E372DFCAB8B00C3D9F5 /* ImagesListViewController+Extensions.swift */ = {isa = PBXFileReference; lastKnownFileType = sourcecode.swift; path = "ImagesListViewController+Extensions.swift"; sourceTree = "<group>"; };
		949D9E392DFCB34000C3D9F5 /* ImagesListCell.swift */ = {isa = PBXFileReference; lastKnownFileType = sourcecode.swift; path = ImagesListCell.swift; sourceTree = "<group>"; };
		949D9E3C2DFD59D600C3D9F5 /* Date+Extensions.swift */ = {isa = PBXFileReference; lastKnownFileType = sourcecode.swift; path = "Date+Extensions.swift"; sourceTree = "<group>"; };
		949D9E3E2DFD93B200C3D9F5 /* UIViewController+Extensions.swift */ = {isa = PBXFileReference; lastKnownFileType = sourcecode.swift; path = "UIViewController+Extensions.swift"; sourceTree = "<group>"; };
		94A088612E447B0D00EFFFE9 /* Photo.swift */ = {isa = PBXFileReference; lastKnownFileType = sourcecode.swift; path = Photo.swift; sourceTree = "<group>"; };
		94A088652E447B8900EFFFE9 /* ImagesListService.swift */ = {isa = PBXFileReference; lastKnownFileType = sourcecode.swift; path = ImagesListService.swift; sourceTree = "<group>"; };
		94BAB8742E30CE80000334B7 /* LogHelper.swift */ = {isa = PBXFileReference; lastKnownFileType = sourcecode.swift; path = LogHelper.swift; sourceTree = "<group>"; };
		94BD67692E3BD2680088C906 /* WebKit.framework */ = {isa = PBXFileReference; lastKnownFileType = wrapper.framework; name = WebKit.framework; path = System/Library/Frameworks/WebKit.framework; sourceTree = SDKROOT; };
		94CA760C2E0157FE0037986A /* ProfileViewController.swift */ = {isa = PBXFileReference; lastKnownFileType = sourcecode.swift; path = ProfileViewController.swift; sourceTree = "<group>"; };
		94CA760E2E019AC90037986A /* SingleImageViewController.swift */ = {isa = PBXFileReference; lastKnownFileType = sourcecode.swift; path = SingleImageViewController.swift; sourceTree = "<group>"; };
		94F979F82E4CBAEE00F6E497 /* ProfileLogoutService.swift */ = {isa = PBXFileReference; lastKnownFileType = sourcecode.swift; path = ProfileLogoutService.swift; sourceTree = "<group>"; };
/* End PBXFileReference section */

/* Begin PBXFrameworksBuildPhase section */
		944021AD2DF98C36008955DE /* Frameworks */ = {
			isa = PBXFrameworksBuildPhase;
			buildActionMask = 2147483647;
			files = (
				9403D8722E31F4B100727E83 /* Kingfisher in Frameworks */,
				9469C2EF2E28EE3B0097C84B /* ProgressHUD in Frameworks */,
				94BD676A2E3BD2680088C906 /* WebKit.framework in Frameworks */,
				9403D8752E3212EC00727E83 /* SwiftKeychainWrapper in Frameworks */,
			);
			runOnlyForDeploymentPostprocessing = 0;
		};
/* End PBXFrameworksBuildPhase section */

/* Begin PBXGroup section */
		940F39422E33B7F3005F0205 /* TabBar */ = {
			isa = PBXGroup;
			children = (
				9403D8762E322F8B00727E83 /* TabBarController.swift */,
			);
			path = TabBar;
			sourceTree = "<group>";
		};
		944021A72DF98C35008955DE = {
			isa = PBXGroup;
			children = (
				944021D12DF98E0C008955DE /* ImageFeed */,
				94BD67682E3BD2670088C906 /* Frameworks */,
				944021B12DF98C36008955DE /* Products */,
			);
			sourceTree = "<group>";
		};
		944021B12DF98C36008955DE /* Products */ = {
			isa = PBXGroup;
			children = (
				944021B02DF98C36008955DE /* ImageFeed.app */,
			);
			name = Products;
			sourceTree = "<group>";
		};
		944021D12DF98E0C008955DE /* ImageFeed */ = {
			isa = PBXGroup;
			children = (
				947D8D502E180AA00009A161 /* Models */,
				947D8D4A2E17F6C80009A161 /* Services */,
				947D8D412E17C1290009A161 /* Security */,
				946FE69E2E165CE7005E0A50 /* Helpers */,
				94CA760A2E0157BE0037986A /* Presentation */,
				949D9E342DFCAACD00C3D9F5 /* Extensions */,
				944021D92DF9A12D008955DE /* Resources */,
				944021CF2DF98E0C008955DE /* SceneDelegate.swift */,
				944021C82DF98E0C008955DE /* AppDelegate.swift */,
				944021CE2DF98E0C008955DE /* Main.storyboard */,
			);
			path = ImageFeed;
			sourceTree = "<group>";
		};
		944021D92DF9A12D008955DE /* Resources */ = {
			isa = PBXGroup;
			children = (
				944021CA2DF98E0C008955DE /* Info.plist */,
				944021CC2DF98E0C008955DE /* LaunchScreen.storyboard */,
				944021C92DF98E0C008955DE /* Assets.xcassets */,
			);
			path = Resources;
			sourceTree = "<group>";
		};
		946FE69E2E165CE7005E0A50 /* Helpers */ = {
			isa = PBXGroup;
			children = (
				941A2F732E4F1BA9004F35A8 /* DisposableProtocol.swift */,
				94BAB8742E30CE80000334B7 /* LogHelper.swift */,
				9469C2F02E2912B40097C84B /* UIBlockingProgressHUD.swift */,
				946FE69F2E165CF1005E0A50 /* Constant.swift */,
			);
			path = Helpers;
			sourceTree = "<group>";
		};
		947D8D412E17C1290009A161 /* Security */ = {
			isa = PBXGroup;
			children = (
				947D8D552E1BE2030009A161 /* AuthViewControllerDelegate.swift */,
				947D8D482E17CEAF0009A161 /* WebViewViewControllerDelegate.swift */,
				947D8D442E17C29E0009A161 /* WebViewViewController.swift */,
				947D8D422E17C1380009A161 /* AuthViewController.swift */,
			);
			path = Security;
			sourceTree = "<group>";
		};
		947D8D4A2E17F6C80009A161 /* Services */ = {
			isa = PBXGroup;
			children = (
				94A088632E447B7700EFFFE9 /* ImageList */,
				94A3D7E02E3786C000BC89E0 /* Profile */,
				94A3D7DF2E3786B500BC89E0 /* OAuth2 */,
			);
			path = Services;
			sourceTree = "<group>";
		};
		947D8D502E180AA00009A161 /* Models */ = {
			isa = PBXGroup;
			children = (
				94A088612E447B0D00EFFFE9 /* Photo.swift */,
				9469C2FC2E2E0F9F0097C84B /* ProfileImage.swift */,
				9469C2F42E2A13520097C84B /* Profile.swift */,
				947D8D512E180AC80009A161 /* OAuthTokenResponseBody.swift */,
			);
			path = Models;
			sourceTree = "<group>";
		};
		947D8D5B2E1CED730009A161 /* Splash */ = {
			isa = PBXGroup;
			children = (
				947D8D592E1BE4490009A161 /* SplashViewController.swift */,
			);
			path = Splash;
			sourceTree = "<group>";
		};
		949D9E342DFCAACD00C3D9F5 /* Extensions */ = {
			isa = PBXGroup;
			children = (
				941A2F752E4F1BD9004F35A8 /* ProfileLogoutProtocol+Extensions.swift */,
				942F62B52E4B1840008CE5E3 /* Array+Extensions.swift */,
				9469C2F82E2A2DF20097C84B /* JSONDecoder+Extensions.swift */,
				947D8D4E2E17FFB20009A161 /* URLSession+Extensions.swift */,
				947D8D462E17CB2B0009A161 /* WebViewViewController+Extensions.swift */,
				94013FE32E0A7A83001503A1 /* UILabel+Extensions.swift */,
				949D9E3E2DFD93B200C3D9F5 /* UIViewController+Extensions.swift */,
				949D9E3C2DFD59D600C3D9F5 /* Date+Extensions.swift */,
				949D9E372DFCAB8B00C3D9F5 /* ImagesListViewController+Extensions.swift */,
			);
			path = Extensions;
			sourceTree = "<group>";
		};
		949D9E3B2DFCB38800C3D9F5 /* ImageList */ = {
			isa = PBXGroup;
			children = (
				942F62B72E4B3B2C008CE5E3 /* ImagesListCellDelegate.swift */,
				94CA760E2E019AC90037986A /* SingleImageViewController.swift */,
				944021D02DF98E0C008955DE /* ImagesListViewController.swift */,
				949D9E392DFCB34000C3D9F5 /* ImagesListCell.swift */,
			);
			path = ImageList;
			sourceTree = "<group>";
		};
		94A088632E447B7700EFFFE9 /* ImageList */ = {
			isa = PBXGroup;
			children = (
				94A088652E447B8900EFFFE9 /* ImagesListService.swift */,
			);
			path = ImageList;
			sourceTree = "<group>";
		};
		94A3D7DF2E3786B500BC89E0 /* OAuth2 */ = {
			isa = PBXGroup;
			children = (
				947D8D4C2E17F74E0009A161 /* OAuth2Service.swift */,
				947D8D532E1BC2810009A161 /* OAuth2TokenStorage.swift */,
			);
			path = OAuth2;
			sourceTree = "<group>";
		};
		94A3D7E02E3786C000BC89E0 /* Profile */ = {
			isa = PBXGroup;
			children = (
				941A2F772E4F22B5004F35A8 /* ProfileLogoutProtocol.swift */,
				94F979F82E4CBAEE00F6E497 /* ProfileLogoutService.swift */,
				9469C2FA2E2E058D0097C84B /* ProfileImageService.swift */,
				9469C2F22E2A11850097C84B /* ProfileService.swift */,
			);
			path = Profile;
			sourceTree = "<group>";
		};
		94BD67682E3BD2670088C906 /* Frameworks */ = {
			isa = PBXGroup;
			children = (
				94BD67692E3BD2680088C906 /* WebKit.framework */,
			);
			name = Frameworks;
			sourceTree = "<group>";
		};
		94CA760A2E0157BE0037986A /* Presentation */ = {
			isa = PBXGroup;
			children = (
				940F39422E33B7F3005F0205 /* TabBar */,
				947D8D5B2E1CED730009A161 /* Splash */,
				94CA760B2E0157D00037986A /* Profile */,
				949D9E3B2DFCB38800C3D9F5 /* ImageList */,
			);
			path = Presentation;
			sourceTree = "<group>";
		};
		94CA760B2E0157D00037986A /* Profile */ = {
			isa = PBXGroup;
			children = (
				94CA760C2E0157FE0037986A /* ProfileViewController.swift */,
			);
			path = Profile;
			sourceTree = "<group>";
		};
/* End PBXGroup section */

/* Begin PBXNativeTarget section */
		944021AF2DF98C36008955DE /* ImageFeed */ = {
			isa = PBXNativeTarget;
			buildConfigurationList = 944021C32DF98C41008955DE /* Build configuration list for PBXNativeTarget "ImageFeed" */;
			buildPhases = (
				944021AC2DF98C36008955DE /* Sources */,
				944021AD2DF98C36008955DE /* Frameworks */,
				944021AE2DF98C36008955DE /* Resources */,
			);
			buildRules = (
			);
			dependencies = (
			);
			name = ImageFeed;
			packageProductDependencies = (
				9469C2EE2E28EE3B0097C84B /* ProgressHUD */,
				9403D8712E31F4B100727E83 /* Kingfisher */,
				9403D8742E3212EC00727E83 /* SwiftKeychainWrapper */,
			);
			productName = ImageFeed;
			productReference = 944021B02DF98C36008955DE /* ImageFeed.app */;
			productType = "com.apple.product-type.application";
		};
/* End PBXNativeTarget section */

/* Begin PBXProject section */
		944021A82DF98C36008955DE /* Project object */ = {
			isa = PBXProject;
			attributes = {
				BuildIndependentTargetsInParallel = 1;
				LastSwiftUpdateCheck = 1620;
				LastUpgradeCheck = 1620;
				TargetAttributes = {
					944021AF2DF98C36008955DE = {
						CreatedOnToolsVersion = 16.2;
					};
				};
			};
			buildConfigurationList = 944021AB2DF98C36008955DE /* Build configuration list for PBXProject "ImageFeed" */;
			developmentRegion = en;
			hasScannedForEncodings = 0;
			knownRegions = (
				en,
				Base,
			);
			mainGroup = 944021A72DF98C35008955DE;
			minimizedProjectReferenceProxies = 1;
			packageReferences = (
				9469C2ED2E28EE3B0097C84B /* XCRemoteSwiftPackageReference "ProgressHUD" */,
				9403D8702E31F4B100727E83 /* XCRemoteSwiftPackageReference "Kingfisher" */,
				9403D8732E3212EB00727E83 /* XCRemoteSwiftPackageReference "SwiftKeychainWrapper" */,
			);
			preferredProjectObjectVersion = 77;
			productRefGroup = 944021B12DF98C36008955DE /* Products */;
			projectDirPath = "";
			projectRoot = "";
			targets = (
				944021AF2DF98C36008955DE /* ImageFeed */,
			);
		};
/* End PBXProject section */

/* Begin PBXResourcesBuildPhase section */
		944021AE2DF98C36008955DE /* Resources */ = {
			isa = PBXResourcesBuildPhase;
			buildActionMask = 2147483647;
			files = (
				944021D52DF98E0C008955DE /* Assets.xcassets in Resources */,
				944021D72DF98E0C008955DE /* LaunchScreen.storyboard in Resources */,
				944021D82DF98E0C008955DE /* Main.storyboard in Resources */,
			);
			runOnlyForDeploymentPostprocessing = 0;
		};
/* End PBXResourcesBuildPhase section */

/* Begin PBXSourcesBuildPhase section */
		944021AC2DF98C36008955DE /* Sources */ = {
			isa = PBXSourcesBuildPhase;
			buildActionMask = 2147483647;
			files = (
				949D9E382DFCAB9700C3D9F5 /* ImagesListViewController+Extensions.swift in Sources */,
				9469C2F52E2A13560097C84B /* Profile.swift in Sources */,
				947D8D542E1BC29A0009A161 /* OAuth2TokenStorage.swift in Sources */,
				94CA760F2E019AD40037986A /* SingleImageViewController.swift in Sources */,
				947D8D4D2E17F75D0009A161 /* OAuth2Service.swift in Sources */,
				949D9E3A2DFCB34D00C3D9F5 /* ImagesListCell.swift in Sources */,
				944021D22DF98E0C008955DE /* AppDelegate.swift in Sources */,
				947D8D4F2E17FFBD0009A161 /* URLSession+Extensions.swift in Sources */,
				94A088662E447B9000EFFFE9 /* ImagesListService.swift in Sources */,
				947D8D432E17C13F0009A161 /* AuthViewController.swift in Sources */,
				9469C2F32E2A11920097C84B /* ProfileService.swift in Sources */,
				942F62B62E4B1848008CE5E3 /* Array+Extensions.swift in Sources */,
				949D9E3F2DFD93C300C3D9F5 /* UIViewController+Extensions.swift in Sources */,
				9469C2F12E2912C30097C84B /* UIBlockingProgressHUD.swift in Sources */,
				947D8D492E17CEBC0009A161 /* WebViewViewControllerDelegate.swift in Sources */,
				941A2F782E4F22CA004F35A8 /* ProfileLogoutProtocol.swift in Sources */,
				941A2F742E4F1BB5004F35A8 /* DisposableProtocol.swift in Sources */,
				9469C2FD2E2E0FA50097C84B /* ProfileImage.swift in Sources */,
				944021D32DF98E0C008955DE /* SceneDelegate.swift in Sources */,
				94013FE42E0A7A99001503A1 /* UILabel+Extensions.swift in Sources */,
				947D8D452E17C2AF0009A161 /* WebViewViewController.swift in Sources */,
				944021D42DF98E0C008955DE /* ImagesListViewController.swift in Sources */,
				947D8D472E17CB310009A161 /* WebViewViewController+Extensions.swift in Sources */,
				947D8D522E180AD50009A161 /* OAuthTokenResponseBody.swift in Sources */,
				946FE6A02E165CF5005E0A50 /* Constant.swift in Sources */,
				94CA760D2E01580C0037986A /* ProfileViewController.swift in Sources */,
				941A2F762E4F1BE5004F35A8 /* ProfileLogoutProtocol+Extensions.swift in Sources */,
				947D8D562E1BE20C0009A161 /* AuthViewControllerDelegate.swift in Sources */,
				9403D8772E322F9400727E83 /* TabBarController.swift in Sources */,
				94A088622E447B1100EFFFE9 /* Photo.swift in Sources */,
				94F979F92E4CBAFA00F6E497 /* ProfileLogoutService.swift in Sources */,
				949D9E3D2DFD59E000C3D9F5 /* Date+Extensions.swift in Sources */,
				94BAB8752E30CE8B000334B7 /* LogHelper.swift in Sources */,
				942F62B82E4B3B36008CE5E3 /* ImagesListCellDelegate.swift in Sources */,
				9469C2F92E2A2E020097C84B /* JSONDecoder+Extensions.swift in Sources */,
				947D8D5A2E1BE4540009A161 /* SplashViewController.swift in Sources */,
				9469C2FB2E2E05960097C84B /* ProfileImageService.swift in Sources */,
			);
			runOnlyForDeploymentPostprocessing = 0;
		};
/* End PBXSourcesBuildPhase section */

/* Begin PBXVariantGroup section */
		944021CC2DF98E0C008955DE /* LaunchScreen.storyboard */ = {
			isa = PBXVariantGroup;
			children = (
				944021CB2DF98E0C008955DE /* Base */,
			);
			name = LaunchScreen.storyboard;
			sourceTree = "<group>";
		};
		944021CE2DF98E0C008955DE /* Main.storyboard */ = {
			isa = PBXVariantGroup;
			children = (
				944021CD2DF98E0C008955DE /* Base */,
			);
			name = Main.storyboard;
			sourceTree = "<group>";
		};
/* End PBXVariantGroup section */

/* Begin XCBuildConfiguration section */
		944021C42DF98C41008955DE /* Debug */ = {
			isa = XCBuildConfiguration;
			buildSettings = {
				ASSETCATALOG_COMPILER_APPICON_NAME = AppIcon;
				ASSETCATALOG_COMPILER_GLOBAL_ACCENT_COLOR_NAME = AccentColor;
				CODE_SIGN_STYLE = Automatic;
				CURRENT_PROJECT_VERSION = 1;
				DEVELOPMENT_TEAM = 9CRL79R2YB;
				GENERATE_INFOPLIST_FILE = YES;
				INFOPLIST_FILE = ImageFeed/Resources/Info.plist;
				INFOPLIST_KEY_UIApplicationSupportsIndirectInputEvents = YES;
				INFOPLIST_KEY_UILaunchStoryboardName = LaunchScreen;
				INFOPLIST_KEY_UIMainStoryboardFile = Main;
				INFOPLIST_KEY_UISupportedInterfaceOrientations = UIInterfaceOrientationPortrait;
				INFOPLIST_KEY_UISupportedInterfaceOrientations_iPad = "UIInterfaceOrientationLandscapeLeft UIInterfaceOrientationLandscapeRight UIInterfaceOrientationPortrait UIInterfaceOrientationPortraitUpsideDown";
				IPHONEOS_DEPLOYMENT_TARGET = 13.0;
				LD_RUNPATH_SEARCH_PATHS = (
					"$(inherited)",
					"@executable_path/Frameworks",
				);
				MARKETING_VERSION = 1.0;
				PRODUCT_BUNDLE_IDENTIFIER = ru.redmadcat.ImageFeed;
				PRODUCT_NAME = "$(TARGET_NAME)";
				SUPPORTED_PLATFORMS = "iphoneos iphonesimulator";
				SUPPORTS_MACCATALYST = NO;
				SWIFT_EMIT_LOC_STRINGS = YES;
				SWIFT_VERSION = 5.0;
				TARGETED_DEVICE_FAMILY = 1;
			};
			name = Debug;
		};
		944021C52DF98C41008955DE /* Release */ = {
			isa = XCBuildConfiguration;
			buildSettings = {
				ASSETCATALOG_COMPILER_APPICON_NAME = AppIcon;
				ASSETCATALOG_COMPILER_GLOBAL_ACCENT_COLOR_NAME = AccentColor;
				CODE_SIGN_STYLE = Automatic;
				CURRENT_PROJECT_VERSION = 1;
				DEVELOPMENT_TEAM = 9CRL79R2YB;
				GENERATE_INFOPLIST_FILE = YES;
				INFOPLIST_FILE = ImageFeed/Resources/Info.plist;
				INFOPLIST_KEY_UIApplicationSupportsIndirectInputEvents = YES;
				INFOPLIST_KEY_UILaunchStoryboardName = LaunchScreen;
				INFOPLIST_KEY_UIMainStoryboardFile = Main;
				INFOPLIST_KEY_UISupportedInterfaceOrientations = UIInterfaceOrientationPortrait;
				INFOPLIST_KEY_UISupportedInterfaceOrientations_iPad = "UIInterfaceOrientationLandscapeLeft UIInterfaceOrientationLandscapeRight UIInterfaceOrientationPortrait UIInterfaceOrientationPortraitUpsideDown";
				IPHONEOS_DEPLOYMENT_TARGET = 13.0;
				LD_RUNPATH_SEARCH_PATHS = (
					"$(inherited)",
					"@executable_path/Frameworks",
				);
				MARKETING_VERSION = 1.0;
				PRODUCT_BUNDLE_IDENTIFIER = ru.redmadcat.ImageFeed;
				PRODUCT_NAME = "$(TARGET_NAME)";
				SUPPORTED_PLATFORMS = "iphoneos iphonesimulator";
				SUPPORTS_MACCATALYST = NO;
				SWIFT_EMIT_LOC_STRINGS = YES;
				SWIFT_VERSION = 5.0;
				TARGETED_DEVICE_FAMILY = 1;
			};
			name = Release;
		};
		944021C62DF98C41008955DE /* Debug */ = {
			isa = XCBuildConfiguration;
			buildSettings = {
				ALWAYS_SEARCH_USER_PATHS = NO;
				ASSETCATALOG_COMPILER_GENERATE_SWIFT_ASSET_SYMBOL_EXTENSIONS = YES;
				CLANG_ANALYZER_NONNULL = YES;
				CLANG_ANALYZER_NUMBER_OBJECT_CONVERSION = YES_AGGRESSIVE;
				CLANG_CXX_LANGUAGE_STANDARD = "gnu++20";
				CLANG_ENABLE_MODULES = YES;
				CLANG_ENABLE_OBJC_ARC = YES;
				CLANG_ENABLE_OBJC_WEAK = YES;
				CLANG_WARN_BLOCK_CAPTURE_AUTORELEASING = YES;
				CLANG_WARN_BOOL_CONVERSION = YES;
				CLANG_WARN_COMMA = YES;
				CLANG_WARN_CONSTANT_CONVERSION = YES;
				CLANG_WARN_DEPRECATED_OBJC_IMPLEMENTATIONS = YES;
				CLANG_WARN_DIRECT_OBJC_ISA_USAGE = YES_ERROR;
				CLANG_WARN_DOCUMENTATION_COMMENTS = YES;
				CLANG_WARN_EMPTY_BODY = YES;
				CLANG_WARN_ENUM_CONVERSION = YES;
				CLANG_WARN_INFINITE_RECURSION = YES;
				CLANG_WARN_INT_CONVERSION = YES;
				CLANG_WARN_NON_LITERAL_NULL_CONVERSION = YES;
				CLANG_WARN_OBJC_IMPLICIT_RETAIN_SELF = YES;
				CLANG_WARN_OBJC_LITERAL_CONVERSION = YES;
				CLANG_WARN_OBJC_ROOT_CLASS = YES_ERROR;
				CLANG_WARN_QUOTED_INCLUDE_IN_FRAMEWORK_HEADER = YES;
				CLANG_WARN_RANGE_LOOP_ANALYSIS = YES;
				CLANG_WARN_STRICT_PROTOTYPES = YES;
				CLANG_WARN_SUSPICIOUS_MOVE = YES;
				CLANG_WARN_UNGUARDED_AVAILABILITY = YES_AGGRESSIVE;
				CLANG_WARN_UNREACHABLE_CODE = YES;
				CLANG_WARN__DUPLICATE_METHOD_MATCH = YES;
				COPY_PHASE_STRIP = NO;
				DEBUG_INFORMATION_FORMAT = dwarf;
				ENABLE_STRICT_OBJC_MSGSEND = YES;
				ENABLE_TESTABILITY = YES;
				ENABLE_USER_SCRIPT_SANDBOXING = YES;
				GCC_C_LANGUAGE_STANDARD = gnu17;
				GCC_DYNAMIC_NO_PIC = NO;
				GCC_NO_COMMON_BLOCKS = YES;
				GCC_OPTIMIZATION_LEVEL = 0;
				GCC_PREPROCESSOR_DEFINITIONS = (
					"DEBUG=1",
					"$(inherited)",
				);
				GCC_WARN_64_TO_32_BIT_CONVERSION = YES;
				GCC_WARN_ABOUT_RETURN_TYPE = YES_ERROR;
				GCC_WARN_UNDECLARED_SELECTOR = YES;
				GCC_WARN_UNINITIALIZED_AUTOS = YES_AGGRESSIVE;
				GCC_WARN_UNUSED_FUNCTION = YES;
				GCC_WARN_UNUSED_VARIABLE = YES;
				IPHONEOS_DEPLOYMENT_TARGET = 18.2;
				LOCALIZATION_PREFERS_STRING_CATALOGS = YES;
				MTL_ENABLE_DEBUG_INFO = INCLUDE_SOURCE;
				MTL_FAST_MATH = YES;
				ONLY_ACTIVE_ARCH = YES;
				SDKROOT = iphoneos;
				SWIFT_ACTIVE_COMPILATION_CONDITIONS = "DEBUG $(inherited)";
				SWIFT_OPTIMIZATION_LEVEL = "-Onone";
			};
			name = Debug;
		};
		944021C72DF98C41008955DE /* Release */ = {
			isa = XCBuildConfiguration;
			buildSettings = {
				ALWAYS_SEARCH_USER_PATHS = NO;
				ASSETCATALOG_COMPILER_GENERATE_SWIFT_ASSET_SYMBOL_EXTENSIONS = YES;
				CLANG_ANALYZER_NONNULL = YES;
				CLANG_ANALYZER_NUMBER_OBJECT_CONVERSION = YES_AGGRESSIVE;
				CLANG_CXX_LANGUAGE_STANDARD = "gnu++20";
				CLANG_ENABLE_MODULES = YES;
				CLANG_ENABLE_OBJC_ARC = YES;
				CLANG_ENABLE_OBJC_WEAK = YES;
				CLANG_WARN_BLOCK_CAPTURE_AUTORELEASING = YES;
				CLANG_WARN_BOOL_CONVERSION = YES;
				CLANG_WARN_COMMA = YES;
				CLANG_WARN_CONSTANT_CONVERSION = YES;
				CLANG_WARN_DEPRECATED_OBJC_IMPLEMENTATIONS = YES;
				CLANG_WARN_DIRECT_OBJC_ISA_USAGE = YES_ERROR;
				CLANG_WARN_DOCUMENTATION_COMMENTS = YES;
				CLANG_WARN_EMPTY_BODY = YES;
				CLANG_WARN_ENUM_CONVERSION = YES;
				CLANG_WARN_INFINITE_RECURSION = YES;
				CLANG_WARN_INT_CONVERSION = YES;
				CLANG_WARN_NON_LITERAL_NULL_CONVERSION = YES;
				CLANG_WARN_OBJC_IMPLICIT_RETAIN_SELF = YES;
				CLANG_WARN_OBJC_LITERAL_CONVERSION = YES;
				CLANG_WARN_OBJC_ROOT_CLASS = YES_ERROR;
				CLANG_WARN_QUOTED_INCLUDE_IN_FRAMEWORK_HEADER = YES;
				CLANG_WARN_RANGE_LOOP_ANALYSIS = YES;
				CLANG_WARN_STRICT_PROTOTYPES = YES;
				CLANG_WARN_SUSPICIOUS_MOVE = YES;
				CLANG_WARN_UNGUARDED_AVAILABILITY = YES_AGGRESSIVE;
				CLANG_WARN_UNREACHABLE_CODE = YES;
				CLANG_WARN__DUPLICATE_METHOD_MATCH = YES;
				COPY_PHASE_STRIP = NO;
				DEBUG_INFORMATION_FORMAT = "dwarf-with-dsym";
				ENABLE_NS_ASSERTIONS = NO;
				ENABLE_STRICT_OBJC_MSGSEND = YES;
				ENABLE_USER_SCRIPT_SANDBOXING = YES;
				GCC_C_LANGUAGE_STANDARD = gnu17;
				GCC_NO_COMMON_BLOCKS = YES;
				GCC_WARN_64_TO_32_BIT_CONVERSION = YES;
				GCC_WARN_ABOUT_RETURN_TYPE = YES_ERROR;
				GCC_WARN_UNDECLARED_SELECTOR = YES;
				GCC_WARN_UNINITIALIZED_AUTOS = YES_AGGRESSIVE;
				GCC_WARN_UNUSED_FUNCTION = YES;
				GCC_WARN_UNUSED_VARIABLE = YES;
				IPHONEOS_DEPLOYMENT_TARGET = 18.2;
				LOCALIZATION_PREFERS_STRING_CATALOGS = YES;
				MTL_ENABLE_DEBUG_INFO = NO;
				MTL_FAST_MATH = YES;
				SDKROOT = iphoneos;
				SWIFT_COMPILATION_MODE = wholemodule;
				VALIDATE_PRODUCT = YES;
			};
			name = Release;
		};
/* End XCBuildConfiguration section */

/* Begin XCConfigurationList section */
		944021AB2DF98C36008955DE /* Build configuration list for PBXProject "ImageFeed" */ = {
			isa = XCConfigurationList;
			buildConfigurations = (
				944021C62DF98C41008955DE /* Debug */,
				944021C72DF98C41008955DE /* Release */,
			);
			defaultConfigurationIsVisible = 0;
			defaultConfigurationName = Release;
		};
		944021C32DF98C41008955DE /* Build configuration list for PBXNativeTarget "ImageFeed" */ = {
			isa = XCConfigurationList;
			buildConfigurations = (
				944021C42DF98C41008955DE /* Debug */,
				944021C52DF98C41008955DE /* Release */,
			);
			defaultConfigurationIsVisible = 0;
			defaultConfigurationName = Release;
		};
/* End XCConfigurationList section */

/* Begin XCRemoteSwiftPackageReference section */
		9403D8702E31F4B100727E83 /* XCRemoteSwiftPackageReference "Kingfisher" */ = {
			isa = XCRemoteSwiftPackageReference;
			repositoryURL = "https://github.com/onevcat/Kingfisher.git";
			requirement = {
				kind = upToNextMajorVersion;
				minimumVersion = 8.5.0;
			};
		};
		9403D8732E3212EB00727E83 /* XCRemoteSwiftPackageReference "SwiftKeychainWrapper" */ = {
			isa = XCRemoteSwiftPackageReference;
			repositoryURL = "https://github.com/jrendel/SwiftKeychainWrapper";
			requirement = {
				kind = upToNextMajorVersion;
				minimumVersion = 4.0.1;
			};
		};
		9469C2ED2E28EE3B0097C84B /* XCRemoteSwiftPackageReference "ProgressHUD" */ = {
			isa = XCRemoteSwiftPackageReference;
			repositoryURL = "https://github.com/relatedcode/ProgressHUD";
			requirement = {
				kind = upToNextMajorVersion;
				minimumVersion = 14.1.4;
			};
		};
/* End XCRemoteSwiftPackageReference section */

/* Begin XCSwiftPackageProductDependency section */
		9403D8712E31F4B100727E83 /* Kingfisher */ = {
			isa = XCSwiftPackageProductDependency;
			package = 9403D8702E31F4B100727E83 /* XCRemoteSwiftPackageReference "Kingfisher" */;
			productName = Kingfisher;
		};
		9403D8742E3212EC00727E83 /* SwiftKeychainWrapper */ = {
			isa = XCSwiftPackageProductDependency;
			package = 9403D8732E3212EB00727E83 /* XCRemoteSwiftPackageReference "SwiftKeychainWrapper" */;
			productName = SwiftKeychainWrapper;
		};
		9469C2EE2E28EE3B0097C84B /* ProgressHUD */ = {
			isa = XCSwiftPackageProductDependency;
			package = 9469C2ED2E28EE3B0097C84B /* XCRemoteSwiftPackageReference "ProgressHUD" */;
			productName = ProgressHUD;
		};
/* End XCSwiftPackageProductDependency section */
	};
	rootObject = 944021A82DF98C36008955DE /* Project object */;
}
